
Microsoft Visual Studio Solution File, Format Version 12.00
# Visual Studio Version 17
VisualStudioVersion = 17.7.34031.279
MinimumVisualStudioVersion = 10.0.40219.1
Project("{FAE04EC0-301F-11D3-BF4B-00C04F79EFBC}") = "GPAShege", "GPAShege.csproj", "{EEB50B2A-0BD3-4521-A332-94241438B46D}"
EndProject
Global
	GlobalSection(SolutionConfigurationPlatforms) = preSolution
		Debug|Any CPU = Debug|Any CPU
		Release|Any CPU = Release|Any CPU
	EndGlobalSection
	GlobalSection(ProjectConfigurationPlatforms) = postSolution
		{EEB50B2A-0BD3-4521-A332-94241438B46D}.Debug|Any CPU.ActiveCfg = Debug|Any CPU
		{EEB50B2A-0BD3-4521-A332-94241438B46D}.Debug|Any CPU.Build.0 = Debug|Any CPU
		{EEB50B2A-0BD3-4521-A332-94241438B46D}.Release|Any CPU.ActiveCfg = Release|Any CPU
		{EEB50B2A-0BD3-4521-A332-94241438B46D}.Release|Any CPU.Build.0 = Release|Any CPU
	EndGlobalSection
	GlobalSection(SolutionProperties) = preSolution
		HideSolutionNode = FALSE
	EndGlobalSection
	GlobalSection(ExtensibilityGlobals) = postSolution
		SolutionGuid = {A9C08E4C-A955-4A6F-AA3E-744FADBD5C17}
	EndGlobalSection
EndGlobal
