
Microsoft Visual Studio Solution File, Format Version 12.00
# Visual Studio Version 17
VisualStudioVersion = 17.7.34031.279
MinimumVisualStudioVersion = 10.0.40219.1
Project("{FAE04EC0-301F-11D3-BF4B-00C04F79EFBC}") = "Week02LiveFromDecagon", "Week02LiveFromDecagon.csproj", "{67972CEF-551C-4246-A817-325C52D18029}"
EndProject
Global
	GlobalSection(SolutionConfigurationPlatforms) = preSolution
		Debug|Any CPU = Debug|Any CPU
		Release|Any CPU = Release|Any CPU
	EndGlobalSection
	GlobalSection(ProjectConfigurationPlatforms) = postSolution
		{67972CEF-551C-4246-A817-325C52D18029}.Debug|Any CPU.ActiveCfg = Debug|Any CPU
		{67972CEF-551C-4246-A817-325C52D18029}.Debug|Any CPU.Build.0 = Debug|Any CPU
		{67972CEF-551C-4246-A817-325C52D18029}.Release|Any CPU.ActiveCfg = Release|Any CPU
		{67972CEF-551C-4246-A817-325C52D18029}.Release|Any CPU.Build.0 = Release|Any CPU
	EndGlobalSection
	GlobalSection(SolutionProperties) = preSolution
		HideSolutionNode = FALSE
	EndGlobalSection
	GlobalSection(ExtensibilityGlobals) = postSolution
		SolutionGuid = {5383B68E-C0B7-445B-A032-E256E85E6B5B}
	EndGlobalSection
EndGlobal
